
Microsoft Visual Studio Solution File, Format Version 12.00
# Visual Studio Version 17
VisualStudioVersion = 17.0.32014.148
MinimumVisualStudioVersion = 10.0.40219.1
Project("{9A19103F-16F7-4668-BE54-9A1E7A4F7556}") = "DtronixPdf", "DtronixPdf\DtronixPdf.csproj", "{23F0BD01-C9B9-4DC8-A444-978A4A91F5EE}"
EndProject
Project("{9A19103F-16F7-4668-BE54-9A1E7A4F7556}") = "DtronixPdf.ImageSharp", "DtronixPdf.ImageSharp\DtronixPdf.ImageSharp.csproj", "{59A2B9DB-514C-4463-8AB8-3779B62FD99E}"
EndProject
Project("{FAE04EC0-301F-11D3-BF4B-00C04F79EFBC}") = "PdfTestTemp", "PdfTestTemp\PdfTestTemp.csproj", "{F8946BF0-1B8A-4948-8F53-2432F7216D48}"
EndProject
Global
	GlobalSection(SolutionConfigurationPlatforms) = preSolution
		Debug|Any CPU = Debug|Any CPU
		Release|Any CPU = Release|Any CPU
	EndGlobalSection
	GlobalSection(ProjectConfigurationPlatforms) = postSolution
		{23F0BD01-C9B9-4DC8-A444-978A4A91F5EE}.Debug|Any CPU.ActiveCfg = Debug|Any CPU
		{23F0BD01-C9B9-4DC8-A444-978A4A91F5EE}.Debug|Any CPU.Build.0 = Debug|Any CPU
		{23F0BD01-C9B9-4DC8-A444-978A4A91F5EE}.Release|Any CPU.ActiveCfg = Release|Any CPU
		{23F0BD01-C9B9-4DC8-A444-978A4A91F5EE}.Release|Any CPU.Build.0 = Release|Any CPU
		{59A2B9DB-514C-4463-8AB8-3779B62FD99E}.Debug|Any CPU.ActiveCfg = Debug|Any CPU
		{59A2B9DB-514C-4463-8AB8-3779B62FD99E}.Debug|Any CPU.Build.0 = Debug|Any CPU
		{59A2B9DB-514C-4463-8AB8-3779B62FD99E}.Release|Any CPU.ActiveCfg = Release|Any CPU
		{59A2B9DB-514C-4463-8AB8-3779B62FD99E}.Release|Any CPU.Build.0 = Release|Any CPU
		{F8946BF0-1B8A-4948-8F53-2432F7216D48}.Debug|Any CPU.ActiveCfg = Debug|Any CPU
		{F8946BF0-1B8A-4948-8F53-2432F7216D48}.Debug|Any CPU.Build.0 = Debug|Any CPU
		{F8946BF0-1B8A-4948-8F53-2432F7216D48}.Release|Any CPU.ActiveCfg = Release|Any CPU
		{F8946BF0-1B8A-4948-8F53-2432F7216D48}.Release|Any CPU.Build.0 = Release|Any CPU
	EndGlobalSection
	GlobalSection(SolutionProperties) = preSolution
		HideSolutionNode = FALSE
	EndGlobalSection
	GlobalSection(ExtensibilityGlobals) = postSolution
		SolutionGuid = {7762582E-0386-40D3-8B62-690FA06D560E}
	EndGlobalSection
EndGlobal
